
Microsoft Visual Studio Solution File, Format Version 12.00
# Visual Studio 15
VisualStudioVersion = 15.0.28307.106
MinimumVisualStudioVersion = 10.0.40219.1
Project("{FAE04EC0-301F-11D3-BF4B-00C04F79EFBC}") = "EventProcessorAddin", "EventProcessorAddin\EventProcessorAddin.csproj", "{AF8DF984-EC5E-463D-8F06-86BBC767065E}"
EndProject
Project("{2150E333-8FDC-42A3-9474-1A3956D46DE8}") = "Documentation", "Documentation", "{248B2808-16F9-42AA-82BF-848490EC5F59}"
EndProject
Global
	GlobalSection(SolutionConfigurationPlatforms) = preSolution
		Debug|Any CPU = Debug|Any CPU
		Release|Any CPU = Release|Any CPU
	EndGlobalSection
	GlobalSection(ProjectConfigurationPlatforms) = postSolution
		{AF8DF984-EC5E-463D-8F06-86BBC767065E}.Debug|Any CPU.ActiveCfg = Debug|Any CPU
		{AF8DF984-EC5E-463D-8F06-86BBC767065E}.Debug|Any CPU.Build.0 = Debug|Any CPU
		{AF8DF984-EC5E-463D-8F06-86BBC767065E}.Release|Any CPU.ActiveCfg = Release|Any CPU
		{AF8DF984-EC5E-463D-8F06-86BBC767065E}.Release|Any CPU.Build.0 = Release|Any CPU
	EndGlobalSection
	GlobalSection(SolutionProperties) = preSolution
		HideSolutionNode = FALSE
	EndGlobalSection
	GlobalSection(ExtensibilityGlobals) = postSolution
		SolutionGuid = {8BD61A26-9BEE-406B-8E34-01F1BBB07DA9}
	EndGlobalSection
EndGlobal
